
Microsoft Visual Studio Solution File, Format Version 12.00
# Visual Studio 15
VisualStudioVersion = 15.0.28307.1401
MinimumVisualStudioVersion = 10.0.40219.1
Project("{FAE04EC0-301F-11D3-BF4B-00C04F79EFBC}") = "DocumenteditorHtml", "DocumenteditorHtml\DocumenteditorHtml.csproj", "{01067B25-54B4-4643-8B2C-DB5F92EE53ED}"
EndProject
Global
	GlobalSection(SolutionConfigurationPlatforms) = preSolution
		Debug|Any CPU = Debug|Any CPU
		Release|Any CPU = Release|Any CPU
	EndGlobalSection
	GlobalSection(ProjectConfigurationPlatforms) = postSolution
		{01067B25-54B4-4643-8B2C-DB5F92EE53ED}.Debug|Any CPU.ActiveCfg = Debug|Any CPU
		{01067B25-54B4-4643-8B2C-DB5F92EE53ED}.Debug|Any CPU.Build.0 = Debug|Any CPU
		{01067B25-54B4-4643-8B2C-DB5F92EE53ED}.Release|Any CPU.ActiveCfg = Release|Any CPU
		{01067B25-54B4-4643-8B2C-DB5F92EE53ED}.Release|Any CPU.Build.0 = Release|Any CPU
	EndGlobalSection
	GlobalSection(SolutionProperties) = preSolution
		HideSolutionNode = FALSE
	EndGlobalSection
	GlobalSection(ExtensibilityGlobals) = postSolution
		SolutionGuid = {E1C29F0E-BFBE-410B-8356-9DCBD6F307E0}
	EndGlobalSection
EndGlobal
